
Microsoft Visual Studio Solution File, Format Version 12.00
# Visual Studio Version 17
VisualStudioVersion = 17.8.34330.188
MinimumVisualStudioVersion = 10.0.40219.1
Project("{9A19103F-16F7-4668-BE54-9A1E7A4F7556}") = "RealtimeChatApp", "BackEnd\RealtimeChatApp\RealtimeChatApp.csproj", "{FA73E673-99D2-4CC6-8FF8-2C5BDB5C6674}"
EndProject
Global
	GlobalSection(SolutionConfigurationPlatforms) = preSolution
		Debug|Any CPU = Debug|Any CPU
		Release|Any CPU = Release|Any CPU
	EndGlobalSection
	GlobalSection(ProjectConfigurationPlatforms) = postSolution
		{FA73E673-99D2-4CC6-8FF8-2C5BDB5C6674}.Debug|Any CPU.ActiveCfg = Debug|Any CPU
		{FA73E673-99D2-4CC6-8FF8-2C5BDB5C6674}.Debug|Any CPU.Build.0 = Debug|Any CPU
		{FA73E673-99D2-4CC6-8FF8-2C5BDB5C6674}.Release|Any CPU.ActiveCfg = Release|Any CPU
		{FA73E673-99D2-4CC6-8FF8-2C5BDB5C6674}.Release|Any CPU.Build.0 = Release|Any CPU
	EndGlobalSection
	GlobalSection(SolutionProperties) = preSolution
		HideSolutionNode = FALSE
	EndGlobalSection
	GlobalSection(ExtensibilityGlobals) = postSolution
		SolutionGuid = {3573FA2A-DCD1-4B84-9401-E194AECC284F}
	EndGlobalSection
EndGlobal
